// !$*UTF8*$!
{
	archiveVersion = 1;
	classes = {
	};
	objectVersion = 50;
	objects = {

/* Begin PBXBuildFile section */
		500C3ABC26083DAA007E6A9B /* ButtonChangeDayView.swift in Sources */ = {isa = PBXBuildFile; fileRef = 500C3ABB26083DAA007E6A9B /* ButtonChangeDayView.swift */; };
		500C3AC1260844CE007E6A9B /* DayWeatherWeekModel.swift in Sources */ = {isa = PBXBuildFile; fileRef = 500C3AC0260844CE007E6A9B /* DayWeatherWeekModel.swift */; };
		50333EC825F5152500649CAC /* SwiftUITestApp.swift in Sources */ = {isa = PBXBuildFile; fileRef = 50333EB525F5152400649CAC /* SwiftUITestApp.swift */; };
		50333EC925F5152500649CAC /* SwiftUITestApp.swift in Sources */ = {isa = PBXBuildFile; fileRef = 50333EB525F5152400649CAC /* SwiftUITestApp.swift */; };
		50333ECA25F5152500649CAC /* ContentView.swift in Sources */ = {isa = PBXBuildFile; fileRef = 50333EB625F5152400649CAC /* ContentView.swift */; };
		50333ECB25F5152500649CAC /* ContentView.swift in Sources */ = {isa = PBXBuildFile; fileRef = 50333EB625F5152400649CAC /* ContentView.swift */; };
		50333ECC25F5152500649CAC /* Assets.xcassets in Resources */ = {isa = PBXBuildFile; fileRef = 50333EB725F5152500649CAC /* Assets.xcassets */; };
		50333ECD25F5152500649CAC /* Assets.xcassets in Resources */ = {isa = PBXBuildFile; fileRef = 50333EB725F5152500649CAC /* Assets.xcassets */; };
		50E5418525FF4D700040B3C9 /* Helper.swift in Sources */ = {isa = PBXBuildFile; fileRef = 50E5418425FF4D700040B3C9 /* Helper.swift */; };
/* End PBXBuildFile section */

/* Begin PBXFileReference section */
		500C3ABB26083DAA007E6A9B /* ButtonChangeDayView.swift */ = {isa = PBXFileReference; lastKnownFileType = sourcecode.swift; path = ButtonChangeDayView.swift; sourceTree = "<group>"; };
		500C3AC0260844CE007E6A9B /* DayWeatherWeekModel.swift */ = {isa = PBXFileReference; lastKnownFileType = sourcecode.swift; path = DayWeatherWeekModel.swift; sourceTree = "<group>"; };
		50333EB525F5152400649CAC /* SwiftUITestApp.swift */ = {isa = PBXFileReference; lastKnownFileType = sourcecode.swift; path = SwiftUITestApp.swift; sourceTree = "<group>"; };
		50333EB625F5152400649CAC /* ContentView.swift */ = {isa = PBXFileReference; lastKnownFileType = sourcecode.swift; path = ContentView.swift; sourceTree = "<group>"; };
		50333EB725F5152500649CAC /* Assets.xcassets */ = {isa = PBXFileReference; lastKnownFileType = folder.assetcatalog; path = Assets.xcassets; sourceTree = "<group>"; };
		50333EBC25F5152500649CAC /* SwiftUITest.app */ = {isa = PBXFileReference; explicitFileType = wrapper.application; includeInIndex = 0; path = SwiftUITest.app; sourceTree = BUILT_PRODUCTS_DIR; };
		50333EBF25F5152500649CAC /* Info.plist */ = {isa = PBXFileReference; lastKnownFileType = text.plist.xml; path = Info.plist; sourceTree = "<group>"; };
		50333EC425F5152500649CAC /* SwiftUITest.app */ = {isa = PBXFileReference; explicitFileType = wrapper.application; includeInIndex = 0; path = SwiftUITest.app; sourceTree = BUILT_PRODUCTS_DIR; };
		50333EC625F5152500649CAC /* Info.plist */ = {isa = PBXFileReference; lastKnownFileType = text.plist.xml; path = Info.plist; sourceTree = "<group>"; };
		50333EC725F5152500649CAC /* macOS.entitlements */ = {isa = PBXFileReference; lastKnownFileType = text.plist.entitlements; path = macOS.entitlements; sourceTree = "<group>"; };
		50E5418425FF4D700040B3C9 /* Helper.swift */ = {isa = PBXFileReference; lastKnownFileType = sourcecode.swift; path = Helper.swift; sourceTree = "<group>"; };
/* End PBXFileReference section */

/* Begin PBXFrameworksBuildPhase section */
		50333EB925F5152500649CAC /* Frameworks */ = {
			isa = PBXFrameworksBuildPhase;
			buildActionMask = 2147483647;
			files = (
			);
			runOnlyForDeploymentPostprocessing = 0;
		};
		50333EC125F5152500649CAC /* Frameworks */ = {
			isa = PBXFrameworksBuildPhase;
			buildActionMask = 2147483647;
			files = (
			);
			runOnlyForDeploymentPostprocessing = 0;
		};
/* End PBXFrameworksBuildPhase section */

/* Begin PBXGroup section */
		500C3AB826083D91007E6A9B /* CommonView */ = {
			isa = PBXGroup;
			children = (
				500C3ABB26083DAA007E6A9B /* ButtonChangeDayView.swift */,
			);
			path = CommonView;
			sourceTree = "<group>";
		};
		500C3ABF260844B3007E6A9B /* Model */ = {
			isa = PBXGroup;
			children = (
				500C3AC0260844CE007E6A9B /* DayWeatherWeekModel.swift */,
			);
			path = Model;
			sourceTree = "<group>";
		};
		50333EAF25F5152400649CAC = {
			isa = PBXGroup;
			children = (
				50333EB425F5152400649CAC /* Shared */,
				50333EBE25F5152500649CAC /* iOS */,
				50333EC525F5152500649CAC /* macOS */,
				50333EBD25F5152500649CAC /* Products */,
			);
			sourceTree = "<group>";
		};
		50333EB425F5152400649CAC /* Shared */ = {
			isa = PBXGroup;
			children = (
				500C3ABF260844B3007E6A9B /* Model */,
				500C3AB826083D91007E6A9B /* CommonView */,
				50E5418325FF4D550040B3C9 /* Helper */,
				50333EB525F5152400649CAC /* SwiftUITestApp.swift */,
				50333EB625F5152400649CAC /* ContentView.swift */,
				50333EB725F5152500649CAC /* Assets.xcassets */,
			);
			path = Shared;
			sourceTree = "<group>";
		};
		50333EBD25F5152500649CAC /* Products */ = {
			isa = PBXGroup;
			children = (
				50333EBC25F5152500649CAC /* SwiftUITest.app */,
				50333EC425F5152500649CAC /* SwiftUITest.app */,
			);
			name = Products;
			sourceTree = "<group>";
		};
		50333EBE25F5152500649CAC /* iOS */ = {
			isa = PBXGroup;
			children = (
				50333EBF25F5152500649CAC /* Info.plist */,
			);
			path = iOS;
			sourceTree = "<group>";
		};
		50333EC525F5152500649CAC /* macOS */ = {
			isa = PBXGroup;
			children = (
				50333EC625F5152500649CAC /* Info.plist */,
				50333EC725F5152500649CAC /* macOS.entitlements */,
			);
			path = macOS;
			sourceTree = "<group>";
		};
		50E5418325FF4D550040B3C9 /* Helper */ = {
			isa = PBXGroup;
			children = (
				50E5418425FF4D700040B3C9 /* Helper.swift */,
			);
			path = Helper;
			sourceTree = "<group>";
		};
/* End PBXGroup section */

/* Begin PBXNativeTarget section */
		50333EBB25F5152500649CAC /* SwiftUITest (iOS) */ = {
			isa = PBXNativeTarget;
			buildConfigurationList = 50333ED025F5152500649CAC /* Build configuration list for PBXNativeTarget "SwiftUITest (iOS)" */;
			buildPhases = (
				50333EB825F5152500649CAC /* Sources */,
				50333EB925F5152500649CAC /* Frameworks */,
				50333EBA25F5152500649CAC /* Resources */,
			);
			buildRules = (
			);
			dependencies = (
			);
			name = "SwiftUITest (iOS)";
			productName = "SwiftUITest (iOS)";
			productReference = 50333EBC25F5152500649CAC /* SwiftUITest.app */;
			productType = "com.apple.product-type.application";
		};
		50333EC325F5152500649CAC /* SwiftUITest (macOS) */ = {
			isa = PBXNativeTarget;
			buildConfigurationList = 50333ED325F5152500649CAC /* Build configuration list for PBXNativeTarget "SwiftUITest (macOS)" */;
			buildPhases = (
				50333EC025F5152500649CAC /* Sources */,
				50333EC125F5152500649CAC /* Frameworks */,
				50333EC225F5152500649CAC /* Resources */,
			);
			buildRules = (
			);
			dependencies = (
			);
			name = "SwiftUITest (macOS)";
			productName = "SwiftUITest (macOS)";
			productReference = 50333EC425F5152500649CAC /* SwiftUITest.app */;
			productType = "com.apple.product-type.application";
		};
/* End PBXNativeTarget section */

/* Begin PBXProject section */
		50333EB025F5152400649CAC /* Project object */ = {
			isa = PBXProject;
			attributes = {
				LastSwiftUpdateCheck = 1220;
				LastUpgradeCheck = 1220;
				TargetAttributes = {
					50333EBB25F5152500649CAC = {
						CreatedOnToolsVersion = 12.2;
					};
					50333EC325F5152500649CAC = {
						CreatedOnToolsVersion = 12.2;
					};
				};
			};
			buildConfigurationList = 50333EB325F5152400649CAC /* Build configuration list for PBXProject "SwiftUITest" */;
			compatibilityVersion = "Xcode 9.3";
			developmentRegion = en;
			hasScannedForEncodings = 0;
			knownRegions = (
				en,
				Base,
			);
			mainGroup = 50333EAF25F5152400649CAC;
			productRefGroup = 50333EBD25F5152500649CAC /* Products */;
			projectDirPath = "";
			projectRoot = "";
			targets = (
				50333EBB25F5152500649CAC /* SwiftUITest (iOS) */,
				50333EC325F5152500649CAC /* SwiftUITest (macOS) */,
			);
		};
/* End PBXProject section */

/* Begin PBXResourcesBuildPhase section */
		50333EBA25F5152500649CAC /* Resources */ = {
			isa = PBXResourcesBuildPhase;
			buildActionMask = 2147483647;
			files = (
				50333ECC25F5152500649CAC /* Assets.xcassets in Resources */,
			);
			runOnlyForDeploymentPostprocessing = 0;
		};
		50333EC225F5152500649CAC /* Resources */ = {
			isa = PBXResourcesBuildPhase;
			buildActionMask = 2147483647;
			files = (
				50333ECD25F5152500649CAC /* Assets.xcassets in Resources */,
			);
			runOnlyForDeploymentPostprocessing = 0;
		};
/* End PBXResourcesBuildPhase section */

/* Begin PBXSourcesBuildPhase section */
		50333EB825F5152500649CAC /* Sources */ = {
			isa = PBXSourcesBuildPhase;
			buildActionMask = 2147483647;
			files = (
				50333ECA25F5152500649CAC /* ContentView.swift in Sources */,
				50333EC825F5152500649CAC /* SwiftUITestApp.swift in Sources */,
				50E5418525FF4D700040B3C9 /* Helper.swift in Sources */,
				500C3AC1260844CE007E6A9B /* DayWeatherWeekModel.swift in Sources */,
				500C3ABC26083DAA007E6A9B /* ButtonChangeDayView.swift in Sources */,
			);
			runOnlyForDeploymentPostprocessing = 0;
		};
		50333EC025F5152500649CAC /* Sources */ = {
			isa = PBXSourcesBuildPhase;
			buildActionMask = 2147483647;
			files = (
				50333ECB25F5152500649CAC /* ContentView.swift in Sources */,
				50333EC925F5152500649CAC /* SwiftUITestApp.swift in Sources */,
			);
			runOnlyForDeploymentPostprocessing = 0;
		};
/* End PBXSourcesBuildPhase section */

/* Begin XCBuildConfiguration section */
		50333ECE25F5152500649CAC /* Debug */ = {
			isa = XCBuildConfiguration;
			buildSettings = {
				ALWAYS_SEARCH_USER_PATHS = NO;
				CLANG_ANALYZER_NONNULL = YES;
				CLANG_ANALYZER_NUMBER_OBJECT_CONVERSION = YES_AGGRESSIVE;
				CLANG_CXX_LANGUAGE_STANDARD = "gnu++14";
				CLANG_CXX_LIBRARY = "libc++";
				CLANG_ENABLE_MODULES = YES;
				CLANG_ENABLE_OBJC_ARC = YES;
				CLANG_ENABLE_OBJC_WEAK = YES;
				CLANG_WARN_BLOCK_CAPTURE_AUTORELEASING = YES;
				CLANG_WARN_BOOL_CONVERSION = YES;
				CLANG_WARN_COMMA = YES;
				CLANG_WARN_CONSTANT_CONVERSION = YES;
				CLANG_WARN_DEPRECATED_OBJC_IMPLEMENTATIONS = YES;
				CLANG_WARN_DIRECT_OBJC_ISA_USAGE = YES_ERROR;
				CLANG_WARN_DOCUMENTATION_COMMENTS = YES;
				CLANG_WARN_EMPTY_BODY = YES;
				CLANG_WARN_ENUM_CONVERSION = YES;
				CLANG_WARN_INFINITE_RECURSION = YES;
				CLANG_WARN_INT_CONVERSION = YES;
				CLANG_WARN_NON_LITERAL_NULL_CONVERSION = YES;
				CLANG_WARN_OBJC_IMPLICIT_RETAIN_SELF = YES;
				CLANG_WARN_OBJC_LITERAL_CONVERSION = YES;
				CLANG_WARN_OBJC_ROOT_CLASS = YES_ERROR;
				CLANG_WARN_QUOTED_INCLUDE_IN_FRAMEWORK_HEADER = YES;
				CLANG_WARN_RANGE_LOOP_ANALYSIS = YES;
				CLANG_WARN_STRICT_PROTOTYPES = YES;
				CLANG_WARN_SUSPICIOUS_MOVE = YES;
				CLANG_WARN_UNGUARDED_AVAILABILITY = YES_AGGRESSIVE;
				CLANG_WARN_UNREACHABLE_CODE = YES;
				CLANG_WARN__DUPLICATE_METHOD_MATCH = YES;
				COPY_PHASE_STRIP = NO;
				DEBUG_INFORMATION_FORMAT = dwarf;
				ENABLE_STRICT_OBJC_MSGSEND = YES;
				ENABLE_TESTABILITY = YES;
				GCC_C_LANGUAGE_STANDARD = gnu11;
				GCC_DYNAMIC_NO_PIC = NO;
				GCC_NO_COMMON_BLOCKS = YES;
				GCC_OPTIMIZATION_LEVEL = 0;
				GCC_PREPROCESSOR_DEFINITIONS = (
					"DEBUG=1",
					"$(inherited)",
				);
				GCC_WARN_64_TO_32_BIT_CONVERSION = YES;
				GCC_WARN_ABOUT_RETURN_TYPE = YES_ERROR;
				GCC_WARN_UNDECLARED_SELECTOR = YES;
				GCC_WARN_UNINITIALIZED_AUTOS = YES_AGGRESSIVE;
				GCC_WARN_UNUSED_FUNCTION = YES;
				GCC_WARN_UNUSED_VARIABLE = YES;
				MTL_ENABLE_DEBUG_INFO = INCLUDE_SOURCE;
				MTL_FAST_MATH = YES;
				ONLY_ACTIVE_ARCH = YES;
				SWIFT_ACTIVE_COMPILATION_CONDITIONS = DEBUG;
				SWIFT_OPTIMIZATION_LEVEL = "-Onone";
			};
			name = Debug;
		};
		50333ECF25F5152500649CAC /* Release */ = {
			isa = XCBuildConfiguration;
			buildSettings = {
				ALWAYS_SEARCH_USER_PATHS = NO;
				CLANG_ANALYZER_NONNULL = YES;
				CLANG_ANALYZER_NUMBER_OBJECT_CONVERSION = YES_AGGRESSIVE;
				CLANG_CXX_LANGUAGE_STANDARD = "gnu++14";
				CLANG_CXX_LIBRARY = "libc++";
				CLANG_ENABLE_MODULES = YES;
				CLANG_ENABLE_OBJC_ARC = YES;
				CLANG_ENABLE_OBJC_WEAK = YES;
				CLANG_WARN_BLOCK_CAPTURE_AUTORELEASING = YES;
				CLANG_WARN_BOOL_CONVERSION = YES;
				CLANG_WARN_COMMA = YES;
				CLANG_WARN_CONSTANT_CONVERSION = YES;
				CLANG_WARN_DEPRECATED_OBJC_IMPLEMENTATIONS = YES;
				CLANG_WARN_DIRECT_OBJC_ISA_USAGE = YES_ERROR;
				CLANG_WARN_DOCUMENTATION_COMMENTS = YES;
				CLANG_WARN_EMPTY_BODY = YES;
				CLANG_WARN_ENUM_CONVERSION = YES;
				CLANG_WARN_INFINITE_RECURSION = YES;
				CLANG_WARN_INT_CONVERSION = YES;
				CLANG_WARN_NON_LITERAL_NULL_CONVERSION = YES;
				CLANG_WARN_OBJC_IMPLICIT_RETAIN_SELF = YES;
				CLANG_WARN_OBJC_LITERAL_CONVERSION = YES;
				CLANG_WARN_OBJC_ROOT_CLASS = YES_ERROR;
				CLANG_WARN_QUOTED_INCLUDE_IN_FRAMEWORK_HEADER = YES;
				CLANG_WARN_RANGE_LOOP_ANALYSIS = YES;
				CLANG_WARN_STRICT_PROTOTYPES = YES;
				CLANG_WARN_SUSPICIOUS_MOVE = YES;
				CLANG_WARN_UNGUARDED_AVAILABILITY = YES_AGGRESSIVE;
				CLANG_WARN_UNREACHABLE_CODE = YES;
				CLANG_WARN__DUPLICATE_METHOD_MATCH = YES;
				COPY_PHASE_STRIP = NO;
				DEBUG_INFORMATION_FORMAT = "dwarf-with-dsym";
				ENABLE_NS_ASSERTIONS = NO;
				ENABLE_STRICT_OBJC_MSGSEND = YES;
				GCC_C_LANGUAGE_STANDARD = gnu11;
				GCC_NO_COMMON_BLOCKS = YES;
				GCC_WARN_64_TO_32_BIT_CONVERSION = YES;
				GCC_WARN_ABOUT_RETURN_TYPE = YES_ERROR;
				GCC_WARN_UNDECLARED_SELECTOR = YES;
				GCC_WARN_UNINITIALIZED_AUTOS = YES_AGGRESSIVE;
				GCC_WARN_UNUSED_FUNCTION = YES;
				GCC_WARN_UNUSED_VARIABLE = YES;
				MTL_ENABLE_DEBUG_INFO = NO;
				MTL_FAST_MATH = YES;
				SWIFT_COMPILATION_MODE = wholemodule;
				SWIFT_OPTIMIZATION_LEVEL = "-O";
			};
			name = Release;
		};
		50333ED125F5152500649CAC /* Debug */ = {
			isa = XCBuildConfiguration;
			buildSettings = {
				ASSETCATALOG_COMPILER_APPICON_NAME = AppIcon;
				ASSETCATALOG_COMPILER_GLOBAL_ACCENT_COLOR_NAME = AccentColor;
				CODE_SIGN_STYLE = Automatic;
				ENABLE_PREVIEWS = YES;
				INFOPLIST_FILE = iOS/Info.plist;
				IPHONEOS_DEPLOYMENT_TARGET = 14.0;
				LD_RUNPATH_SEARCH_PATHS = (
					"$(inherited)",
					"@executable_path/Frameworks",
				);
				PRODUCT_BUNDLE_IDENTIFIER = com.arief.SwiftUITest;
				PRODUCT_NAME = SwiftUITest;
				SDKROOT = iphoneos;
				SWIFT_VERSION = 5.0;
				TARGETED_DEVICE_FAMILY = "1,2";
			};
			name = Debug;
		};
		50333ED225F5152500649CAC /* Release */ = {
			isa = XCBuildConfiguration;
			buildSettings = {
				ASSETCATALOG_COMPILER_APPICON_NAME = AppIcon;
				ASSETCATALOG_COMPILER_GLOBAL_ACCENT_COLOR_NAME = AccentColor;
				CODE_SIGN_STYLE = Automatic;
				ENABLE_PREVIEWS = YES;
				INFOPLIST_FILE = iOS/Info.plist;
				IPHONEOS_DEPLOYMENT_TARGET = 14.0;
				LD_RUNPATH_SEARCH_PATHS = (
					"$(inherited)",
					"@executable_path/Frameworks",
				);
				PRODUCT_BUNDLE_IDENTIFIER = com.arief.SwiftUITest;
				PRODUCT_NAME = SwiftUITest;
				SDKROOT = iphoneos;
				SWIFT_VERSION = 5.0;
				TARGETED_DEVICE_FAMILY = "1,2";
				VALIDATE_PRODUCT = YES;
			};
			name = Release;
		};
		50333ED425F5152500649CAC /* Debug */ = {
			isa = XCBuildConfiguration;
			buildSettings = {
				ASSETCATALOG_COMPILER_APPICON_NAME = AppIcon;
				ASSETCATALOG_COMPILER_GLOBAL_ACCENT_COLOR_NAME = AccentColor;
				CODE_SIGN_ENTITLEMENTS = macOS/macOS.entitlements;
				CODE_SIGN_STYLE = Automatic;
				COMBINE_HIDPI_IMAGES = YES;
				ENABLE_PREVIEWS = YES;
				INFOPLIST_FILE = macOS/Info.plist;
				LD_RUNPATH_SEARCH_PATHS = (
					"$(inherited)",
					"@executable_path/../Frameworks",
				);
				MACOSX_DEPLOYMENT_TARGET = 11.0;
				PRODUCT_BUNDLE_IDENTIFIER = com.arief.SwiftUITest;
				PRODUCT_NAME = SwiftUITest;
				SDKROOT = macosx;
				SWIFT_VERSION = 5.0;
			};
			name = Debug;
		};
		50333ED525F5152500649CAC /* Release */ = {
			isa = XCBuildConfiguration;
			buildSettings = {
				ASSETCATALOG_COMPILER_APPICON_NAME = AppIcon;
				ASSETCATALOG_COMPILER_GLOBAL_ACCENT_COLOR_NAME = AccentColor;
				CODE_SIGN_ENTITLEMENTS = macOS/macOS.entitlements;
				CODE_SIGN_STYLE = Automatic;
				COMBINE_HIDPI_IMAGES = YES;
				ENABLE_PREVIEWS = YES;
				INFOPLIST_FILE = macOS/Info.plist;
				LD_RUNPATH_SEARCH_PATHS = (
					"$(inherited)",
					"@executable_path/../Frameworks",
				);
				MACOSX_DEPLOYMENT_TARGET = 11.0;
				PRODUCT_BUNDLE_IDENTIFIER = com.arief.SwiftUITest;
				PRODUCT_NAME = SwiftUITest;
				SDKROOT = macosx;
				SWIFT_VERSION = 5.0;
			};
			name = Release;
		};
/* End XCBuildConfiguration section */

/* Begin XCConfigurationList section */
		50333EB325F5152400649CAC /* Build configuration list for PBXProject "SwiftUITest" */ = {
			isa = XCConfigurationList;
			buildConfigurations = (
				50333ECE25F5152500649CAC /* Debug */,
				50333ECF25F5152500649CAC /* Release */,
			);
			defaultConfigurationIsVisible = 0;
			defaultConfigurationName = Release;
		};
		50333ED025F5152500649CAC /* Build configuration list for PBXNativeTarget "SwiftUITest (iOS)" */ = {
			isa = XCConfigurationList;
			buildConfigurations = (
				50333ED125F5152500649CAC /* Debug */,
				50333ED225F5152500649CAC /* Release */,
			);
			defaultConfigurationIsVisible = 0;
			defaultConfigurationName = Release;
		};
		50333ED325F5152500649CAC /* Build configuration list for PBXNativeTarget "SwiftUITest (macOS)" */ = {
			isa = XCConfigurationList;
			buildConfigurations = (
				50333ED425F5152500649CAC /* Debug */,
				50333ED525F5152500649CAC /* Release */,
			);
			defaultConfigurationIsVisible = 0;
			defaultConfigurationName = Release;
		};
/* End XCConfigurationList section */
	};
	rootObject = 50333EB025F5152400649CAC /* Project object */;
}
